
Microsoft Visual Studio Solution File, Format Version 12.00
# Visual Studio Version 17
VisualStudioVersion = 17.3.32901.215
MinimumVisualStudioVersion = 10.0.40219.1
Project("{FAE04EC0-301F-11D3-BF4B-00C04F79EFBC}") = "PlatformTest", "PlatformTest.csproj", "{B12E4F3A-8C7D-4A2B-9E1F-6D5C3A8B7E4F}"
EndProject
Global
	GlobalSection(SolutionConfigurationPlatforms) = preSolution
		Debug|Any CPU = Debug|Any CPU
		Release|Any CPU = Release|Any CPU
	EndGlobalSection
	GlobalSection(ProjectConfigurationPlatforms) = postSolution
		{B12E4F3A-8C7D-4A2B-9E1F-6D5C3A8B7E4F}.Debug|Any CPU.ActiveCfg = Debug|Any CPU
		{B12E4F3A-8C7D-4A2B-9E1F-6D5C3A8B7E4F}.Debug|Any CPU.Build.0 = Debug|Any CPU
		{B12E4F3A-8C7D-4A2B-9E1F-6D5C3A8B7E4F}.Release|Any CPU.ActiveCfg = Release|Any CPU
		{B12E4F3A-8C7D-4A2B-9E1F-6D5C3A8B7E4F}.Release|Any CPU.Build.0 = Release|Any CPU
	EndGlobalSection
	GlobalSection(SolutionProperties) = preSolution
		HideSolutionNode = FALSE
	EndGlobalSection
EndGlobal
